
Microsoft Visual Studio Solution File, Format Version 12.00
# Visual Studio Version 17
VisualStudioVersion = 17.7.34031.279
MinimumVisualStudioVersion = 10.0.40219.1
Project("{FAE04EC0-301F-11D3-BF4B-00C04F79EFBC}") = "SistemasDeTarefas", "SistemasDeTarefas\SistemasDeTarefas.csproj", "{773DEADA-3464-4DB9-B8E1-5E78E043B127}"
EndProject
Global
	GlobalSection(SolutionConfigurationPlatforms) = preSolution
		Debug|Any CPU = Debug|Any CPU
		Release|Any CPU = Release|Any CPU
	EndGlobalSection
	GlobalSection(ProjectConfigurationPlatforms) = postSolution
		{773DEADA-3464-4DB9-B8E1-5E78E043B127}.Debug|Any CPU.ActiveCfg = Debug|Any CPU
		{773DEADA-3464-4DB9-B8E1-5E78E043B127}.Debug|Any CPU.Build.0 = Debug|Any CPU
		{773DEADA-3464-4DB9-B8E1-5E78E043B127}.Release|Any CPU.ActiveCfg = Release|Any CPU
		{773DEADA-3464-4DB9-B8E1-5E78E043B127}.Release|Any CPU.Build.0 = Release|Any CPU
	EndGlobalSection
	GlobalSection(SolutionProperties) = preSolution
		HideSolutionNode = FALSE
	EndGlobalSection
	GlobalSection(ExtensibilityGlobals) = postSolution
		SolutionGuid = {1F0A77FC-D610-4E86-BC17-A9AFDBD1FE3D}
	EndGlobalSection
EndGlobal
